PODS:
  - TensorFlowLiteC (2.10.0):
    - TensorFlowLiteC/Core (= 2.10.0)
  - TensorFlowLiteC/Core (2.10.0)
  - TensorFlowLiteSwift (2.10.0):
    - TensorFlowLiteSwift/Core (= 2.10.0)
  - TensorFlowLiteSwift/Core (2.10.0):
    - TensorFlowLiteC (= 2.10.0)

DEPENDENCIES:
  - TensorFlowLiteSwift

SPEC REPOS:
  trunk:
    - TensorFlowLiteC
    - TensorFlowLiteSwift

SPEC CHECKSUMS:
  TensorFlowLiteC: edf19548f50a1552e43dbd6906f5618a478bd038
  TensorFlowLiteSwift: fc26e0e9d63c8a98ff61187457635e660d787561

PODFILE CHECKSUM: 1aade59ee27633a243931f4c9a1eb88b1fe544be

COCOAPODS: 1.11.3
